
Microsoft Visual Studio Solution File, Format Version 12.00
# Visual Studio Version 16
VisualStudioVersion = 16.0.29123.88
MinimumVisualStudioVersion = 10.0.40219.1
Project("{FAE04EC0-301F-11D3-BF4B-00C04F79EFBC}") = "ConsoleApp4", "ConsoleApp4.csproj", "{3E71CEB8-B9C8-4F03-B6AF-B8EFC465A8C2}"
EndProject
Global
	GlobalSection(SolutionConfigurationPlatforms) = preSolution
		Debug|Any CPU = Debug|Any CPU
		Release|Any CPU = Release|Any CPU
	EndGlobalSection
	GlobalSection(ProjectConfigurationPlatforms) = postSolution
		{3E71CEB8-B9C8-4F03-B6AF-B8EFC465A8C2}.Debug|Any CPU.ActiveCfg = Debug|Any CPU
		{3E71CEB8-B9C8-4F03-B6AF-B8EFC465A8C2}.Debug|Any CPU.Build.0 = Debug|Any CPU
		{3E71CEB8-B9C8-4F03-B6AF-B8EFC465A8C2}.Release|Any CPU.ActiveCfg = Release|Any CPU
		{3E71CEB8-B9C8-4F03-B6AF-B8EFC465A8C2}.Release|Any CPU.Build.0 = Release|Any CPU
	EndGlobalSection
	GlobalSection(SolutionProperties) = preSolution
		HideSolutionNode = FALSE
	EndGlobalSection
	GlobalSection(ExtensibilityGlobals) = postSolution
		SolutionGuid = {2B1573F5-F5A0-4827-9411-E6A76E83C1CA}
	EndGlobalSection
EndGlobal
